// !$*UTF8*$!
{
	archiveVersion = 1;
	classes = {
	};
	objectVersion = 46;
	objects = {

/* Begin PBXBuildFile section */
		4FBCF1B017A7395300B35B24 /* UIKit.framework in Frameworks */ = {isa = PBXBuildFile; fileRef = 4FBCF1AF17A7395300B35B24 /* UIKit.framework */; };
		4FBCF1B217A7395300B35B24 /* Foundation.framework in Frameworks */ = {isa = PBXBuildFile; fileRef = 4FBCF1B117A7395300B35B24 /* Foundation.framework */; };
		4FBCF1B417A7395300B35B24 /* CoreGraphics.framework in Frameworks */ = {isa = PBXBuildFile; fileRef = 4FBCF1B317A7395300B35B24 /* CoreGraphics.framework */; };
		4FBCF1BA17A7395300B35B24 /* InfoPlist.strings in Resources */ = {isa = PBXBuildFile; fileRef = 4FBCF1B817A7395300B35B24 /* InfoPlist.strings */; };
		4FBCF1BC17A7395300B35B24 /* main.m in Sources */ = {isa = PBXBuildFile; fileRef = 4FBCF1BB17A7395300B35B24 /* main.m */; };
		4FBCF1C017A7395300B35B24 /* AppDelegate.m in Sources */ = {isa = PBXBuildFile; fileRef = 4FBCF1BF17A7395300B35B24 /* AppDelegate.m */; };
		4FBCF1C217A7395300B35B24 /* Default.png in Resources */ = {isa = PBXBuildFile; fileRef = 4FBCF1C117A7395300B35B24 /* Default.png */; };
		4FBCF1C417A7395300B35B24 /* Default@2x.png in Resources */ = {isa = PBXBuildFile; fileRef = 4FBCF1C317A7395300B35B24 /* Default@2x.png */; };
		4FBCF1C617A7395300B35B24 /* Default-568h@2x.png in Resources */ = {isa = PBXBuildFile; fileRef = 4FBCF1C517A7395300B35B24 /* Default-568h@2x.png */; };
/* End PBXBuildFile section */

/* Begin PBXFileReference section */
		4FBCF1AC17A7395300B35B24 /* Routing.app */ = {isa = PBXFileReference; explicitFileType = wrapper.application; includeInIndex = 0; path = Routing.app; sourceTree = BUILT_PRODUCTS_DIR; };
		4FBCF1AF17A7395300B35B24 /* UIKit.framework */ = {isa = PBXFileReference; lastKnownFileType = wrapper.framework; name = UIKit.framework; path = System/Library/Frameworks/UIKit.framework; sourceTree = SDKROOT; };
		4FBCF1B117A7395300B35B24 /* Foundation.framework */ = {isa = PBXFileReference; lastKnownFileType = wrapper.framework; name = Foundation.framework; path = System/Library/Frameworks/Foundation.framework; sourceTree = SDKROOT; };
		4FBCF1B317A7395300B35B24 /* CoreGraphics.framework */ = {isa = PBXFileReference; lastKnownFileType = wrapper.framework; name = CoreGraphics.framework; path = System/Library/Frameworks/CoreGraphics.framework; sourceTree = SDKROOT; };
		4FBCF1B717A7395300B35B24 /* Routing-Info.plist */ = {isa = PBXFileReference; lastKnownFileType = text.plist.xml; path = "Routing-Info.plist"; sourceTree = "<group>"; };
		4FBCF1B917A7395300B35B24 /* en */ = {isa = PBXFileReference; lastKnownFileType = text.plist.strings; name = en; path = en.lproj/InfoPlist.strings; sourceTree = "<group>"; };
		4FBCF1BB17A7395300B35B24 /* main.m */ = {isa = PBXFileReference; lastKnownFileType = sourcecode.c.objc; path = main.m; sourceTree = "<group>"; };
		4FBCF1BD17A7395300B35B24 /* Routing-Prefix.pch */ = {isa = PBXFileReference; lastKnownFileType = sourcecode.c.h; path = "Routing-Prefix.pch"; sourceTree = "<group>"; };
		4FBCF1BE17A7395300B35B24 /* AppDelegate.h */ = {isa = PBXFileReference; lastKnownFileType = sourcecode.c.h; path = AppDelegate.h; sourceTree = "<group>"; };
		4FBCF1BF17A7395300B35B24 /* AppDelegate.m */ = {isa = PBXFileReference; lastKnownFileType = sourcecode.c.objc; path = AppDelegate.m; sourceTree = "<group>"; };
		4FBCF1C117A7395300B35B24 /* Default.png */ = {isa = PBXFileReference; lastKnownFileType = image.png; path = Default.png; sourceTree = "<group>"; };
		4FBCF1C317A7395300B35B24 /* Default@2x.png */ = {isa = PBXFileReference; lastKnownFileType = image.png; path = "Default@2x.png"; sourceTree = "<group>"; };
		4FBCF1C517A7395300B35B24 /* Default-568h@2x.png */ = {isa = PBXFileReference; lastKnownFileType = image.png; path = "Default-568h@2x.png"; sourceTree = "<group>"; };
/* End PBXFileReference section */

/* Begin PBXFrameworksBuildPhase section */
		4FBCF1A917A7395300B35B24 /* Frameworks */ = {
			isa = PBXFrameworksBuildPhase;
			buildActionMask = 2147483647;
			files = (
				4FBCF1B017A7395300B35B24 /* UIKit.framework in Frameworks */,
				4FBCF1B217A7395300B35B24 /* Foundation.framework in Frameworks */,
				4FBCF1B417A7395300B35B24 /* CoreGraphics.framework in Frameworks */,
			);
			runOnlyForDeploymentPostprocessing = 0;
		};
/* End PBXFrameworksBuildPhase section */

/* Begin PBXGroup section */
		4FBCF1A317A7395300B35B24 = {
			isa = PBXGroup;
			children = (
				4FBCF1B517A7395300B35B24 /* Routing */,
				4FBCF1AE17A7395300B35B24 /* Frameworks */,
				4FBCF1AD17A7395300B35B24 /* Products */,
			);
			sourceTree = "<group>";
		};
		4FBCF1AD17A7395300B35B24 /* Products */ = {
			isa = PBXGroup;
			children = (
				4FBCF1AC17A7395300B35B24 /* Routing.app */,
			);
			name = Products;
			sourceTree = "<group>";
		};
		4FBCF1AE17A7395300B35B24 /* Frameworks */ = {
			isa = PBXGroup;
			children = (
				4FBCF1AF17A7395300B35B24 /* UIKit.framework */,
				4FBCF1B117A7395300B35B24 /* Foundation.framework */,
				4FBCF1B317A7395300B35B24 /* CoreGraphics.framework */,
			);
			name = Frameworks;
			sourceTree = "<group>";
		};
		4FBCF1B517A7395300B35B24 /* Routing */ = {
			isa = PBXGroup;
			children = (
				4FBCF1BE17A7395300B35B24 /* AppDelegate.h */,
				4FBCF1BF17A7395300B35B24 /* AppDelegate.m */,
				4FBCF1B617A7395300B35B24 /* Supporting Files */,
			);
			path = Routing;
			sourceTree = "<group>";
		};
		4FBCF1B617A7395300B35B24 /* Supporting Files */ = {
			isa = PBXGroup;
			children = (
				4FBCF1B717A7395300B35B24 /* Routing-Info.plist */,
				4FBCF1B817A7395300B35B24 /* InfoPlist.strings */,
				4FBCF1BB17A7395300B35B24 /* main.m */,
				4FBCF1BD17A7395300B35B24 /* Routing-Prefix.pch */,
				4FBCF1C117A7395300B35B24 /* Default.png */,
				4FBCF1C317A7395300B35B24 /* Default@2x.png */,
				4FBCF1C517A7395300B35B24 /* Default-568h@2x.png */,
			);
			name = "Supporting Files";
			sourceTree = "<group>";
		};
/* End PBXGroup section */

/* Begin PBXNativeTarget section */
		4FBCF1AB17A7395300B35B24 /* Routing */ = {
			isa = PBXNativeTarget;
			buildConfigurationList = 4FBCF1C917A7395300B35B24 /* Build configuration list for PBXNativeTarget "Routing" */;
			buildPhases = (
				4FBCF1A817A7395300B35B24 /* Sources */,
				4FBCF1A917A7395300B35B24 /* Frameworks */,
				4FBCF1AA17A7395300B35B24 /* Resources */,
			);
			buildRules = (
			);
			dependencies = (
			);
			name = Routing;
			productName = Routing;
			productReference = 4FBCF1AC17A7395300B35B24 /* Routing.app */;
			productType = "com.apple.product-type.application";
		};
/* End PBXNativeTarget section */

/* Begin PBXProject section */
		4FBCF1A417A7395300B35B24 /* Project object */ = {
			isa = PBXProject;
			attributes = {
				LastUpgradeCheck = 0460;
				ORGANIZATIONNAME = "Kazuya Ueoka";
			};
			buildConfigurationList = 4FBCF1A717A7395300B35B24 /* Build configuration list for PBXProject "Routing" */;
			compatibilityVersion = "Xcode 3.2";
			developmentRegion = English;
			hasScannedForEncodings = 0;
			knownRegions = (
				en,
			);
			mainGroup = 4FBCF1A317A7395300B35B24;
			productRefGroup = 4FBCF1AD17A7395300B35B24 /* Products */;
			projectDirPath = "";
			projectRoot = "";
			targets = (
				4FBCF1AB17A7395300B35B24 /* Routing */,
			);
		};
/* End PBXProject section */

/* Begin PBXResourcesBuildPhase section */
		4FBCF1AA17A7395300B35B24 /* Resources */ = {
			isa = PBXResourcesBuildPhase;
			buildActionMask = 2147483647;
			files = (
				4FBCF1BA17A7395300B35B24 /* InfoPlist.strings in Resources */,
				4FBCF1C217A7395300B35B24 /* Default.png in Resources */,
				4FBCF1C417A7395300B35B24 /* Default@2x.png in Resources */,
				4FBCF1C617A7395300B35B24 /* Default-568h@2x.png in Resources */,
			);
			runOnlyForDeploymentPostprocessing = 0;
		};
/* End PBXResourcesBuildPhase section */

/* Begin PBXSourcesBuildPhase section */
		4FBCF1A817A7395300B35B24 /* Sources */ = {
			isa = PBXSourcesBuildPhase;
			buildActionMask = 2147483647;
			files = (
				4FBCF1BC17A7395300B35B24 /* main.m in Sources */,
				4FBCF1C017A7395300B35B24 /* AppDelegate.m in Sources */,
			);
			runOnlyForDeploymentPostprocessing = 0;
		};
/* End PBXSourcesBuildPhase section */

/* Begin PBXVariantGroup section */
		4FBCF1B817A7395300B35B24 /* InfoPlist.strings */ = {
			isa = PBXVariantGroup;
			children = (
				4FBCF1B917A7395300B35B24 /* en */,
			);
			name = InfoPlist.strings;
			sourceTree = "<group>";
		};
/* End PBXVariantGroup section */

/* Begin XCBuildConfiguration section */
		4FBCF1C717A7395300B35B24 /* Debug */ = {
			isa = XCBuildConfiguration;
			buildSettings = {
				ALWAYS_SEARCH_USER_PATHS = NO;
				CLANG_CXX_LANGUAGE_STANDARD = "gnu++0x";
				CLANG_CXX_LIBRARY = "libc++";
				CLANG_WARN_CONSTANT_CONVERSION = YES;
				CLANG_WARN_EMPTY_BODY = YES;
				CLANG_WARN_ENUM_CONVERSION = YES;
				CLANG_WARN_INT_CONVERSION = YES;
				CLANG_WARN__DUPLICATE_METHOD_MATCH = YES;
				"CODE_SIGN_IDENTITY[sdk=iphoneos*]" = "iPhone Developer";
				COPY_PHASE_STRIP = NO;
				GCC_C_LANGUAGE_STANDARD = gnu99;
				GCC_DYNAMIC_NO_PIC = NO;
				GCC_OPTIMIZATION_LEVEL = 0;
				GCC_PREPROCESSOR_DEFINITIONS = (
					"DEBUG=1",
					"$(inherited)",
				);
				GCC_SYMBOLS_PRIVATE_EXTERN = NO;
				GCC_WARN_ABOUT_RETURN_TYPE = YES;
				GCC_WARN_UNINITIALIZED_AUTOS = YES;
				GCC_WARN_UNUSED_VARIABLE = YES;
				IPHONEOS_DEPLOYMENT_TARGET = 6.1;
				ONLY_ACTIVE_ARCH = YES;
				SDKROOT = iphoneos;
				TARGETED_DEVICE_FAMILY = "1,2";
			};
			name = Debug;
		};
		4FBCF1C817A7395300B35B24 /* Release */ = {
			isa = XCBuildConfiguration;
			buildSettings = {
				ALWAYS_SEARCH_USER_PATHS = NO;
				CLANG_CXX_LANGUAGE_STANDARD = "gnu++0x";
				CLANG_CXX_LIBRARY = "libc++";
				CLANG_WARN_CONSTANT_CONVERSION = YES;
				CLANG_WARN_EMPTY_BODY = YES;
				CLANG_WARN_ENUM_CONVERSION = YES;
				CLANG_WARN_INT_CONVERSION = YES;
				CLANG_WARN__DUPLICATE_METHOD_MATCH = YES;
				"CODE_SIGN_IDENTITY[sdk=iphoneos*]" = "iPhone Developer";
				COPY_PHASE_STRIP = YES;
				GCC_C_LANGUAGE_STANDARD = gnu99;
				GCC_WARN_ABOUT_RETURN_TYPE = YES;
				GCC_WARN_UNINITIALIZED_AUTOS = YES;
				GCC_WARN_UNUSED_VARIABLE = YES;
				IPHONEOS_DEPLOYMENT_TARGET = 6.1;
				OTHER_CFLAGS = "-DNS_BLOCK_ASSERTIONS=1";
				SDKROOT = iphoneos;
				TARGETED_DEVICE_FAMILY = "1,2";
				VALIDATE_PRODUCT = YES;
			};
			name = Release;
		};
		4FBCF1CA17A7395300B35B24 /* Debug */ = {
			isa = XCBuildConfiguration;
			buildSettings = {
				GCC_PRECOMPILE_PREFIX_HEADER = YES;
				GCC_PREFIX_HEADER = "Routing/Routing-Prefix.pch";
				INFOPLIST_FILE = "Routing/Routing-Info.plist";
				PRODUCT_NAME = "$(TARGET_NAME)";
				WRAPPER_EXTENSION = app;
			};
			name = Debug;
		};
		4FBCF1CB17A7395300B35B24 /* Release */ = {
			isa = XCBuildConfiguration;
			buildSettings = {
				GCC_PRECOMPILE_PREFIX_HEADER = YES;
				GCC_PREFIX_HEADER = "Routing/Routing-Prefix.pch";
				INFOPLIST_FILE = "Routing/Routing-Info.plist";
				PRODUCT_NAME = "$(TARGET_NAME)";
				WRAPPER_EXTENSION = app;
			};
			name = Release;
		};
/* End XCBuildConfiguration section */

/* Begin XCConfigurationList section */
		4FBCF1A717A7395300B35B24 /* Build configuration list for PBXProject "Routing" */ = {
			isa = XCConfigurationList;
			buildConfigurations = (
				4FBCF1C717A7395300B35B24 /* Debug */,
				4FBCF1C817A7395300B35B24 /* Release */,
			);
			defaultConfigurationIsVisible = 0;
			defaultConfigurationName = Release;
		};
		4FBCF1C917A7395300B35B24 /* Build configuration list for PBXNativeTarget "Routing" */ = {
			isa = XCConfigurationList;
			buildConfigurations = (
				4FBCF1CA17A7395300B35B24 /* Debug */,
				4FBCF1CB17A7395300B35B24 /* Release */,
			);
			defaultConfigurationIsVisible = 0;
		};
/* End XCConfigurationList section */
	};
	rootObject = 4FBCF1A417A7395300B35B24 /* Project object */;
}
